
Microsoft Visual Studio Solution File, Format Version 12.00
# Visual Studio Version 17
VisualStudioVersion = 17.14.36121.58 d17.14
MinimumVisualStudioVersion = 10.0.40219.1
Project("{8BC9CEB8-8B4A-11D0-8D11-00A0C91BC942}") = "Hvorenkov.A.O_module_3_MDK_01_04_var_4", "Hvorenkov.A.O_module_3_MDK_01_04_var_4.vcxproj", "{1CFB1E1B-4A79-435E-9263-1DB6648D4D88}"
EndProject
Project("{8BC9CEB8-8B4A-11D0-8D11-00A0C91BC942}") = "Events", "..\Events\Events.vcxproj", "{9AB62F31-F97F-4236-9668-FC9A32A357E7}"
EndProject
Global
	GlobalSection(SolutionConfigurationPlatforms) = preSolution
		Debug|x64 = Debug|x64
		Debug|x86 = Debug|x86
		Release|x64 = Release|x64
		Release|x86 = Release|x86
	EndGlobalSection
	GlobalSection(ProjectConfigurationPlatforms) = postSolution
		{1CFB1E1B-4A79-435E-9263-1DB6648D4D88}.Debug|x64.ActiveCfg = Debug|x64
		{1CFB1E1B-4A79-435E-9263-1DB6648D4D88}.Debug|x64.Build.0 = Debug|x64
		{1CFB1E1B-4A79-435E-9263-1DB6648D4D88}.Debug|x86.ActiveCfg = Debug|Win32
		{1CFB1E1B-4A79-435E-9263-1DB6648D4D88}.Debug|x86.Build.0 = Debug|Win32
		{1CFB1E1B-4A79-435E-9263-1DB6648D4D88}.Release|x64.ActiveCfg = Release|x64
		{1CFB1E1B-4A79-435E-9263-1DB6648D4D88}.Release|x64.Build.0 = Release|x64
		{1CFB1E1B-4A79-435E-9263-1DB6648D4D88}.Release|x86.ActiveCfg = Release|Win32
		{1CFB1E1B-4A79-435E-9263-1DB6648D4D88}.Release|x86.Build.0 = Release|Win32
		{9AB62F31-F97F-4236-9668-FC9A32A357E7}.Debug|x64.ActiveCfg = Debug|x64
		{9AB62F31-F97F-4236-9668-FC9A32A357E7}.Debug|x64.Build.0 = Debug|x64
		{9AB62F31-F97F-4236-9668-FC9A32A357E7}.Debug|x86.ActiveCfg = Debug|Win32
		{9AB62F31-F97F-4236-9668-FC9A32A357E7}.Debug|x86.Build.0 = Debug|Win32
		{9AB62F31-F97F-4236-9668-FC9A32A357E7}.Release|x64.ActiveCfg = Release|x64
		{9AB62F31-F97F-4236-9668-FC9A32A357E7}.Release|x64.Build.0 = Release|x64
		{9AB62F31-F97F-4236-9668-FC9A32A357E7}.Release|x86.ActiveCfg = Release|Win32
		{9AB62F31-F97F-4236-9668-FC9A32A357E7}.Release|x86.Build.0 = Release|Win32
	EndGlobalSection
	GlobalSection(SolutionProperties) = preSolution
		HideSolutionNode = FALSE
	EndGlobalSection
	GlobalSection(ExtensibilityGlobals) = postSolution
		SolutionGuid = {56EF9901-A8DE-4279-A251-CAF9D0FC4E70}
	EndGlobalSection
EndGlobal
